hash: 8aea58b5d9c832c8fef925ed770254eba7043f20dfa8d58cdda7b857a06c69e3
updated: 2016-05-17T08:31:29.866098806Z
imports:
- name: github.com/aws/aws-sdk-go
  version: 7bad22e9cff8295edef29844b4daa55ecfb057b9
  subpackages:
  - aws
  - aws/credentials
  - aws/awserr
  - aws/corehandlers
  - aws/request
  - aws/session
  - service/s3
  - aws/awsutil
  - aws/client/metadata
  - aws/client
  - aws/defaults
  - private/endpoints
  - private/protocol
  - private/protocol/restxml
  - private/signer/v4
  - private/waiter
  - aws/credentials/ec2rolecreds
  - aws/ec2metadata
  - private/protocol/query
  - private/protocol/rest
  - private/protocol/xml/xmlutil
  - private/protocol/query/queryutil
- name: github.com/codegangsta/cli
  version: 0eb4e0be6c214f8904ef6989b11072c7b897c657
- name: github.com/coreos/go-systemd
  version: 8aa4c5cfbebc9ae1c3ce10df0dbf75658ae574ef
  subpackages:
  - activation
  - util
- name: github.com/docker/docker
  version: 20f81dde9bd97c86b2d0e33bbbf1388018611929
  subpackages:
  - volume
- name: github.com/docker/go-connections
  version: 5b7154ba2efe13ff86ae8830a9e7cb120b080d6e
  subpackages:
  - sockets
- name: github.com/docker/go-plugins-helpers
  version: b6b774486d89219eba2d2b72ed50d32880167671
  subpackages:
  - volume
  - sdk
- name: github.com/go-ini/ini
  version: 12f418cc7edc5a618a51407b7ac1f1f512139df3
- name: github.com/jacobsa/fuse
  version: 0b9db0a706bc0248f8a37cba1dd5372b4c9a8b72
  subpackages:
  - fuseutil
  - fuseops
  - internal/buffer
  - internal/freelist
  - internal/fusekernel
- name: github.com/jmespath/go-jmespath
  version: 0b12d6b521d83fc7f755e7cfc1b1fbdd35a01a74
- name: github.com/kahing/goofys
  version: bda62d906b8d6dc6499be87705466cb6e2575bf2
  subpackages:
  - internal
- name: github.com/kardianos/osext
  version: 29ae4ffbc9a6fe9fb2bc5029050ce6996ea1d3bc
- name: github.com/Microsoft/go-winio
  version: 2255376ea2c82956af54f1eb5a56340a0af29111
- name: github.com/opencontainers/runc
  version: fdc9fb841ee16714a3fa46bb85d6c42660588e3d
  subpackages:
  - libcontainer/user
- name: github.com/sevlyar/go-daemon
  version: 3bf5e993af87194518e81cf9a81c1c53190a8911
- name: github.com/shirou/gopsutil
  version: bae75faa5ad1212d3e80f11f5e9cd147c6be9198
  subpackages:
  - mem
  - internal/common
- name: github.com/Sirupsen/logrus
  version: cd7d1bbe41066b6c1f19780f895901052150a575
  subpackages:
  - hooks/syslog
- name: golang.org/x/net
  version: ef00b378c73f107bf44d5c9b69875255ce89b79a
  subpackages:
  - context
  - proxy
- name: golang.org/x/sys
  version: d4feaf1a7e61e1d9e79e6c4e76c6349e9cab0a03
  subpackages:
  - unix
  - windows
devImports: []
